
Microsoft Visual Studio Solution File, Format Version 12.00
# Visual Studio Version 17
VisualStudioVersion = 17.0.31903.59
MinimumVisualStudioVersion = 10.0.40219.1
Project("{FAE04EC0-301F-11D3-BF4B-00C04F79EFBC}") = "Blog", "Blog\Blog\Blog.csproj", "{2AB1612C-B7FD-4790-B1CB-10502A7F4408}"
EndProject
Project("{FAE04EC0-301F-11D3-BF4B-00C04F79EFBC}") = "Blog.Client", "Blog\Blog.Client\Blog.Client.csproj", "{E2A68427-3744-420F-B3A4-A105A7961B89}"
EndProject
Project("{FAE04EC0-301F-11D3-BF4B-00C04F79EFBC}") = "SharedComponents", "SharedComponents\SharedComponents.csproj", "{360E2987-B8A9-44C9-9B5A-B125D631239D}"
EndProject
Project("{FAE04EC0-301F-11D3-BF4B-00C04F79EFBC}") = "Data", "Data\Data.csproj", "{292069A9-368F-420C-96EF-338744B97332}"
EndProject
Project("{FAE04EC0-301F-11D3-BF4B-00C04F79EFBC}") = "Data.Models", "Data.Models\Data.Models.csproj", "{6AA96F14-2C0D-4B25-8AE7-F39964AADD50}"
EndProject
Global
	GlobalSection(SolutionConfigurationPlatforms) = preSolution
		Debug|Any CPU = Debug|Any CPU
		Release|Any CPU = Release|Any CPU
	EndGlobalSection
	GlobalSection(SolutionProperties) = preSolution
		HideSolutionNode = FALSE
	EndGlobalSection
	GlobalSection(ProjectConfigurationPlatforms) = postSolution
		{2AB1612C-B7FD-4790-B1CB-10502A7F4408}.Debug|Any CPU.ActiveCfg = Debug|Any CPU
		{2AB1612C-B7FD-4790-B1CB-10502A7F4408}.Debug|Any CPU.Build.0 = Debug|Any CPU
		{2AB1612C-B7FD-4790-B1CB-10502A7F4408}.Release|Any CPU.ActiveCfg = Release|Any CPU
		{2AB1612C-B7FD-4790-B1CB-10502A7F4408}.Release|Any CPU.Build.0 = Release|Any CPU
		{E2A68427-3744-420F-B3A4-A105A7961B89}.Debug|Any CPU.ActiveCfg = Debug|Any CPU
		{E2A68427-3744-420F-B3A4-A105A7961B89}.Debug|Any CPU.Build.0 = Debug|Any CPU
		{E2A68427-3744-420F-B3A4-A105A7961B89}.Release|Any CPU.ActiveCfg = Release|Any CPU
		{E2A68427-3744-420F-B3A4-A105A7961B89}.Release|Any CPU.Build.0 = Release|Any CPU
		{360E2987-B8A9-44C9-9B5A-B125D631239D}.Debug|Any CPU.ActiveCfg = Debug|Any CPU
		{360E2987-B8A9-44C9-9B5A-B125D631239D}.Debug|Any CPU.Build.0 = Debug|Any CPU
		{360E2987-B8A9-44C9-9B5A-B125D631239D}.Release|Any CPU.ActiveCfg = Release|Any CPU
		{360E2987-B8A9-44C9-9B5A-B125D631239D}.Release|Any CPU.Build.0 = Release|Any CPU
		{292069A9-368F-420C-96EF-338744B97332}.Debug|Any CPU.ActiveCfg = Debug|Any CPU
		{292069A9-368F-420C-96EF-338744B97332}.Debug|Any CPU.Build.0 = Debug|Any CPU
		{292069A9-368F-420C-96EF-338744B97332}.Release|Any CPU.ActiveCfg = Release|Any CPU
		{292069A9-368F-420C-96EF-338744B97332}.Release|Any CPU.Build.0 = Release|Any CPU
		{6AA96F14-2C0D-4B25-8AE7-F39964AADD50}.Debug|Any CPU.ActiveCfg = Debug|Any CPU
		{6AA96F14-2C0D-4B25-8AE7-F39964AADD50}.Debug|Any CPU.Build.0 = Debug|Any CPU
		{6AA96F14-2C0D-4B25-8AE7-F39964AADD50}.Release|Any CPU.ActiveCfg = Release|Any CPU
		{6AA96F14-2C0D-4B25-8AE7-F39964AADD50}.Release|Any CPU.Build.0 = Release|Any CPU
	EndGlobalSection
EndGlobal
